// !$*UTF8*$!
{
	archiveVersion = 1;
	classes = {
	};
	objectVersion = 46;
	objects = {

/* Begin PBXBuildFile section */
		84BFEDEFB39542A5F57583D3 /* Pods_ScratchOffMap.framework in Frameworks */ = {isa = PBXBuildFile; fileRef = 3E0B0D89E648C196E1B94E1D /* Pods_ScratchOffMap.framework */; };
		BB4FB9021969592A190DB876 /* Pods_ScratchOffMapTests.framework in Frameworks */ = {isa = PBXBuildFile; fileRef = 9020693E979B9B6042728C4E /* Pods_ScratchOffMapTests.framework */; };
		D3F0F953B7862A5D8597F020 /* Pods_ScratchOffMapUITests.framework in Frameworks */ = {isa = PBXBuildFile; fileRef = 7AD7DA815561A5183BDD88FC /* Pods_ScratchOffMapUITests.framework */; };
		E506C3471E292FAB00CC4286 /* CountriesTableViewController.swift in Sources */ = {isa = PBXBuildFile; fileRef = E506C3461E292FAB00CC4286 /* CountriesTableViewController.swift */; };
		E51E622B1DF61101004621B7 /* AppDelegate.swift in Sources */ = {isa = PBXBuildFile; fileRef = E51E622A1DF61101004621B7 /* AppDelegate.swift */; };
		E51E62301DF61101004621B7 /* Main.storyboard in Resources */ = {isa = PBXBuildFile; fileRef = E51E622E1DF61101004621B7 /* Main.storyboard */; };
		E51E62321DF61101004621B7 /* Assets.xcassets in Resources */ = {isa = PBXBuildFile; fileRef = E51E62311DF61101004621B7 /* Assets.xcassets */; };
		E51E62351DF61101004621B7 /* LaunchScreen.storyboard in Resources */ = {isa = PBXBuildFile; fileRef = E51E62331DF61101004621B7 /* LaunchScreen.storyboard */; };
		E51E624B1DF61101004621B7 /* ScratchOffMapUITests.swift in Sources */ = {isa = PBXBuildFile; fileRef = E51E624A1DF61101004621B7 /* ScratchOffMapUITests.swift */; };
		E523D4141E29784400C42677 /* String+Image.swift in Sources */ = {isa = PBXBuildFile; fileRef = E523D4131E29784400C42677 /* String+Image.swift */; };
		E523D4151E297D2300C42677 /* TestCoordinates.swift in Sources */ = {isa = PBXBuildFile; fileRef = E56EAAB91E28CF46005C3D10 /* TestCoordinates.swift */; };
		E523D4171E297E1800C42677 /* Coordinates+MKAnnotation.swift in Sources */ = {isa = PBXBuildFile; fileRef = E523D4161E297E1800C42677 /* Coordinates+MKAnnotation.swift */; };
		E523D4191E297EEE00C42677 /* CoordinateCollectorService+CLLocationManagerDelegate.swift in Sources */ = {isa = PBXBuildFile; fileRef = E523D4181E297EEE00C42677 /* CoordinateCollectorService+CLLocationManagerDelegate.swift */; };
		E523D41B1E298CA600C42677 /* Array+Sample.swift in Sources */ = {isa = PBXBuildFile; fileRef = E523D41A1E298CA600C42677 /* Array+Sample.swift */; };
		E556D0101DF75DAC00575730 /* String+EmojiFlag.swift in Sources */ = {isa = PBXBuildFile; fileRef = E556D00F1DF75DAC00575730 /* String+EmojiFlag.swift */; };
		E556D0141DF761ED00575730 /* String+EmojiFlagTests.swift in Sources */ = {isa = PBXBuildFile; fileRef = E556D0131DF761ED00575730 /* String+EmojiFlagTests.swift */; };
		E56EAABA1E28CF46005C3D10 /* TestCoordinates.swift in Sources */ = {isa = PBXBuildFile; fileRef = E56EAAB91E28CF46005C3D10 /* TestCoordinates.swift */; };
		E5917E891E24BAFD008CA8D4 /* DutyCycling.swift in Sources */ = {isa = PBXBuildFile; fileRef = E5917E881E24BAFD008CA8D4 /* DutyCycling.swift */; };
		E5917E8E1E24BEEF008CA8D4 /* GeoCoder.swift in Sources */ = {isa = PBXBuildFile; fileRef = E5917E8D1E24BEEF008CA8D4 /* GeoCoder.swift */; };
		E5917E901E24BEFF008CA8D4 /* GeoCoderTests.swift in Sources */ = {isa = PBXBuildFile; fileRef = E5917E8F1E24BEFF008CA8D4 /* GeoCoderTests.swift */; };
		E5917E931E24D942008CA8D4 /* NSLocale+LocaleCodeForCountry.swift in Sources */ = {isa = PBXBuildFile; fileRef = E5917E921E24D942008CA8D4 /* NSLocale+LocaleCodeForCountry.swift */; };
		E5917E951E24D969008CA8D4 /* NSLocale+LocaleCodeForCountryTests.swift in Sources */ = {isa = PBXBuildFile; fileRef = E5917E941E24D969008CA8D4 /* NSLocale+LocaleCodeForCountryTests.swift */; };
		E5B0DED41E26B0660057F42D /* CoordinatesTests.swift in Sources */ = {isa = PBXBuildFile; fileRef = E5B0DED31E26B0660057F42D /* CoordinatesTests.swift */; };
		E5B0DED71E26B5A40057F42D /* CoordinateCollectorServiceTests.swift in Sources */ = {isa = PBXBuildFile; fileRef = E5B0DED61E26B5A40057F42D /* CoordinateCollectorServiceTests.swift */; };
		E5B21C8D1E2A898000471DB4 /* ScratchOffMapNotifications.swift in Sources */ = {isa = PBXBuildFile; fileRef = E5B21C8C1E2A898000471DB4 /* ScratchOffMapNotifications.swift */; };
		E5C1A6E41E24084300E934D8 /* Coordinates.swift in Sources */ = {isa = PBXBuildFile; fileRef = E5C1A6E31E24084300E934D8 /* Coordinates.swift */; };
		E5C1A6E71E24087F00E934D8 /* String+ToDouble.swift in Sources */ = {isa = PBXBuildFile; fileRef = E5C1A6E61E24087E00E934D8 /* String+ToDouble.swift */; };
		E5C1A6E91E240A2900E934D8 /* MapKit.framework in Frameworks */ = {isa = PBXBuildFile; fileRef = E5C1A6E81E240A2900E934D8 /* MapKit.framework */; };
		E5C1A6EB1E240A8000E934D8 /* WorldMapViewController.swift in Sources */ = {isa = PBXBuildFile; fileRef = E5C1A6EA1E240A8000E934D8 /* WorldMapViewController.swift */; };
		E5C1A6ED1E240AD600E934D8 /* SettingsTableViewController.swift in Sources */ = {isa = PBXBuildFile; fileRef = E5C1A6EC1E240AD600E934D8 /* SettingsTableViewController.swift */; };
		E5C1A6F21E24127E00E934D8 /* DutyCyclingTests.swift in Sources */ = {isa = PBXBuildFile; fileRef = E5C1A6F11E24127E00E934D8 /* DutyCyclingTests.swift */; };
		E5C3F2421E265E3B005D5621 /* CoordinateCollectorService.swift in Sources */ = {isa = PBXBuildFile; fileRef = E5C3F23F1E265E3B005D5621 /* CoordinateCollectorService.swift */; };
		E5C3F2431E265E3B005D5621 /* DatabaseManager.swift in Sources */ = {isa = PBXBuildFile; fileRef = E5C3F2401E265E3B005D5621 /* DatabaseManager.swift */; };
		E5C3F2441E265E3B005D5621 /* LifecycleController.swift in Sources */ = {isa = PBXBuildFile; fileRef = E5C3F2411E265E3B005D5621 /* LifecycleController.swift */; };
		E5C3F2461E265E50005D5621 /* DatabaseManagerTests.swift in Sources */ = {isa = PBXBuildFile; fileRef = E5C3F2451E265E50005D5621 /* DatabaseManagerTests.swift */; };
		E5C3F2481E265FC8005D5621 /* RLMResults+ToArray.swift in Sources */ = {isa = PBXBuildFile; fileRef = E5C3F2471E265FC8005D5621 /* RLMResults+ToArray.swift */; };
		E5E1C7891E2A61B00096104B /* CountryListDelegate.swift in Sources */ = {isa = PBXBuildFile; fileRef = E5E1C7881E2A61B00096104B /* CountryListDelegate.swift */; };
		E5E1C78B1E2A61FB0096104B /* CountriesTableViewController+CountryListDelegate.swift in Sources */ = {isa = PBXBuildFile; fileRef = E5E1C78A1E2A61FB0096104B /* CountriesTableViewController+CountryListDelegate.swift */; };
		E5F4F2A91DF61DC200B23C83 /* Countries.json in Resources */ = {isa = PBXBuildFile; fileRef = E5F4F2A81DF61DC200B23C83 /* Countries.json */; };
		E5F4F2AB1DF61E2D00B23C83 /* Country.swift in Sources */ = {isa = PBXBuildFile; fileRef = E5F4F2AA1DF61E2D00B23C83 /* Country.swift */; };
/* End PBXBuildFile section */

/* Begin PBXContainerItemProxy section */
		E51E623C1DF61101004621B7 /* PBXContainerItemProxy */ = {
			isa = PBXContainerItemProxy;
			containerPortal = E51E621F1DF61100004621B7 /* Project object */;
			proxyType = 1;
			remoteGlobalIDString = E51E62261DF61100004621B7;
			remoteInfo = ScratchOffMap;
		};
		E51E62471DF61101004621B7 /* PBXContainerItemProxy */ = {
			isa = PBXContainerItemProxy;
			containerPortal = E51E621F1DF61100004621B7 /* Project object */;
			proxyType = 1;
			remoteGlobalIDString = E51E62261DF61100004621B7;
			remoteInfo = ScratchOffMap;
		};
/* End PBXContainerItemProxy section */

/* Begin PBXFileReference section */
		04DA3F0BB226CB5EC1D84CA2 /* Pods-ScratchOffMapTests.debug.xcconfig */ = {isa = PBXFileReference; includeInIndex = 1; lastKnownFileType = text.xcconfig; name = "Pods-ScratchOffMapTests.debug.xcconfig"; path = "Pods/Target Support Files/Pods-ScratchOffMapTests/Pods-ScratchOffMapTests.debug.xcconfig"; sourceTree = "<group>"; };
		162CF9FBC8DE2BDA56F6C23E /* Pods-ScratchOffMap.release.xcconfig */ = {isa = PBXFileReference; includeInIndex = 1; lastKnownFileType = text.xcconfig; name = "Pods-ScratchOffMap.release.xcconfig"; path = "Pods/Target Support Files/Pods-ScratchOffMap/Pods-ScratchOffMap.release.xcconfig"; sourceTree = "<group>"; };
		3E0B0D89E648C196E1B94E1D /* Pods_ScratchOffMap.framework */ = {isa = PBXFileReference; explicitFileType = wrapper.framework; includeInIndex = 0; path = Pods_ScratchOffMap.framework; sourceTree = BUILT_PRODUCTS_DIR; };
		51C7B7E55274487AC47D5259 /* Pods-ScratchOffMap.debug.xcconfig */ = {isa = PBXFileReference; includeInIndex = 1; lastKnownFileType = text.xcconfig; name = "Pods-ScratchOffMap.debug.xcconfig"; path = "Pods/Target Support Files/Pods-ScratchOffMap/Pods-ScratchOffMap.debug.xcconfig"; sourceTree = "<group>"; };
		7AD7DA815561A5183BDD88FC /* Pods_ScratchOffMapUITests.framework */ = {isa = PBXFileReference; explicitFileType = wrapper.framework; includeInIndex = 0; path = Pods_ScratchOffMapUITests.framework; sourceTree = BUILT_PRODUCTS_DIR; };
		7E0F5606ABD622F75AB5DA3D /* Pods-ScratchOffMapUITests.debug.xcconfig */ = {isa = PBXFileReference; includeInIndex = 1; lastKnownFileType = text.xcconfig; name = "Pods-ScratchOffMapUITests.debug.xcconfig"; path = "Pods/Target Support Files/Pods-ScratchOffMapUITests/Pods-ScratchOffMapUITests.debug.xcconfig"; sourceTree = "<group>"; };
		9020693E979B9B6042728C4E /* Pods_ScratchOffMapTests.framework */ = {isa = PBXFileReference; explicitFileType = wrapper.framework; includeInIndex = 0; path = Pods_ScratchOffMapTests.framework; sourceTree = BUILT_PRODUCTS_DIR; };
		943F40682EF713C443CCF012 /* Pods-ScratchOffMapTests.release.xcconfig */ = {isa = PBXFileReference; includeInIndex = 1; lastKnownFileType = text.xcconfig; name = "Pods-ScratchOffMapTests.release.xcconfig"; path = "Pods/Target Support Files/Pods-ScratchOffMapTests/Pods-ScratchOffMapTests.release.xcconfig"; sourceTree = "<group>"; };
		E4211A5F87470FBD9533C6D9 /* Pods-ScratchOffMapUITests.release.xcconfig */ = {isa = PBXFileReference; includeInIndex = 1; lastKnownFileType = text.xcconfig; name = "Pods-ScratchOffMapUITests.release.xcconfig"; path = "Pods/Target Support Files/Pods-ScratchOffMapUITests/Pods-ScratchOffMapUITests.release.xcconfig"; sourceTree = "<group>"; };
		E506C3461E292FAB00CC4286 /* CountriesTableViewController.swift */ = {isa = PBXFileReference; fileEncoding = 4; lastKnownFileType = sourcecode.swift; path = CountriesTableViewController.swift; sourceTree = "<group>"; };
		E51E62271DF61100004621B7 /* ScratchOffMap.app */ = {isa = PBXFileReference; explicitFileType = wrapper.application; includeInIndex = 0; path = ScratchOffMap.app; sourceTree = BUILT_PRODUCTS_DIR; };
		E51E622A1DF61101004621B7 /* AppDelegate.swift */ = {isa = PBXFileReference; lastKnownFileType = sourcecode.swift; path = AppDelegate.swift; sourceTree = "<group>"; };
		E51E622F1DF61101004621B7 /* Base */ = {isa = PBXFileReference; lastKnownFileType = file.storyboard; name = Base; path = Base.lproj/Main.storyboard; sourceTree = "<group>"; };
		E51E62311DF61101004621B7 /* Assets.xcassets */ = {isa = PBXFileReference; lastKnownFileType = folder.assetcatalog; path = Assets.xcassets; sourceTree = "<group>"; };
		E51E62341DF61101004621B7 /* Base */ = {isa = PBXFileReference; lastKnownFileType = file.storyboard; name = Base; path = Base.lproj/LaunchScreen.storyboard; sourceTree = "<group>"; };
		E51E62361DF61101004621B7 /* Info.plist */ = {isa = PBXFileReference; lastKnownFileType = text.plist.xml; path = Info.plist; sourceTree = "<group>"; };
		E51E623B1DF61101004621B7 /* ScratchOffMapTests.xctest */ = {isa = PBXFileReference; explicitFileType = wrapper.cfbundle; includeInIndex = 0; path = ScratchOffMapTests.xctest; sourceTree = BUILT_PRODUCTS_DIR; };
		E51E62411DF61101004621B7 /* Info.plist */ = {isa = PBXFileReference; lastKnownFileType = text.plist.xml; path = Info.plist; sourceTree = "<group>"; };
		E51E62461DF61101004621B7 /* ScratchOffMapUITests.xctest */ = {isa = PBXFileReference; explicitFileType = wrapper.cfbundle; includeInIndex = 0; path = ScratchOffMapUITests.xctest; sourceTree = BUILT_PRODUCTS_DIR; };
		E51E624A1DF61101004621B7 /* ScratchOffMapUITests.swift */ = {isa = PBXFileReference; lastKnownFileType = sourcecode.swift; path = ScratchOffMapUITests.swift; sourceTree = "<group>"; };
		E51E624C1DF61101004621B7 /* Info.plist */ = {isa = PBXFileReference; lastKnownFileType = text.plist.xml; path = Info.plist; sourceTree = "<group>"; };
		E523D4131E29784400C42677 /* String+Image.swift */ = {isa = PBXFileReference; fileEncoding = 4; lastKnownFileType = sourcecode.swift; path = "String+Image.swift"; sourceTree = "<group>"; };
		E523D4161E297E1800C42677 /* Coordinates+MKAnnotation.swift */ = {isa = PBXFileReference; fileEncoding = 4; lastKnownFileType = sourcecode.swift; path = "Coordinates+MKAnnotation.swift"; sourceTree = "<group>"; };
		E523D4181E297EEE00C42677 /* CoordinateCollectorService+CLLocationManagerDelegate.swift */ = {isa = PBXFileReference; fileEncoding = 4; lastKnownFileType = sourcecode.swift; path = "CoordinateCollectorService+CLLocationManagerDelegate.swift"; sourceTree = "<group>"; };
		E523D41A1E298CA600C42677 /* Array+Sample.swift */ = {isa = PBXFileReference; fileEncoding = 4; lastKnownFileType = sourcecode.swift; path = "Array+Sample.swift"; sourceTree = "<group>"; };
		E556D00F1DF75DAC00575730 /* String+EmojiFlag.swift */ = {isa = PBXFileReference; fileEncoding = 4; lastKnownFileType = sourcecode.swift; path = "String+EmojiFlag.swift"; sourceTree = "<group>"; };
		E556D0131DF761ED00575730 /* String+EmojiFlagTests.swift */ = {isa = PBXFileReference; fileEncoding = 4; lastKnownFileType = sourcecode.swift; path = "String+EmojiFlagTests.swift"; sourceTree = "<group>"; };
		E56EAAB91E28CF46005C3D10 /* TestCoordinates.swift */ = {isa = PBXFileReference; fileEncoding = 4; lastKnownFileType = sourcecode.swift; path = TestCoordinates.swift; sourceTree = "<group>"; };
		E5917E881E24BAFD008CA8D4 /* DutyCycling.swift */ = {isa = PBXFileReference; fileEncoding = 4; lastKnownFileType = sourcecode.swift; path = DutyCycling.swift; sourceTree = "<group>"; };
		E5917E8D1E24BEEF008CA8D4 /* GeoCoder.swift */ = {isa = PBXFileReference; fileEncoding = 4; lastKnownFileType = sourcecode.swift; path = GeoCoder.swift; sourceTree = "<group>"; };
		E5917E8F1E24BEFF008CA8D4 /* GeoCoderTests.swift */ = {isa = PBXFileReference; fileEncoding = 4; lastKnownFileType = sourcecode.swift; path = GeoCoderTests.swift; sourceTree = "<group>"; };
		E5917E921E24D942008CA8D4 /* NSLocale+LocaleCodeForCountry.swift */ = {isa = PBXFileReference; fileEncoding = 4; lastKnownFileType = sourcecode.swift; path = "NSLocale+LocaleCodeForCountry.swift"; sourceTree = "<group>"; };
		E5917E941E24D969008CA8D4 /* NSLocale+LocaleCodeForCountryTests.swift */ = {isa = PBXFileReference; fileEncoding = 4; lastKnownFileType = sourcecode.swift; path = "NSLocale+LocaleCodeForCountryTests.swift"; sourceTree = "<group>"; };
		E5B0DED31E26B0660057F42D /* CoordinatesTests.swift */ = {isa = PBXFileReference; fileEncoding = 4; lastKnownFileType = sourcecode.swift; path = CoordinatesTests.swift; sourceTree = "<group>"; };
		E5B0DED61E26B5A40057F42D /* CoordinateCollectorServiceTests.swift */ = {isa = PBXFileReference; fileEncoding = 4; lastKnownFileType = sourcecode.swift; path = CoordinateCollectorServiceTests.swift; sourceTree = "<group>"; };
		E5B21C8C1E2A898000471DB4 /* ScratchOffMapNotifications.swift */ = {isa = PBXFileReference; fileEncoding = 4; lastKnownFileType = sourcecode.swift; path = ScratchOffMapNotifications.swift; sourceTree = "<group>"; };
		E5C1A6E31E24084300E934D8 /* Coordinates.swift */ = {isa = PBXFileReference; fileEncoding = 4; lastKnownFileType = sourcecode.swift; path = Coordinates.swift; sourceTree = "<group>"; };
		E5C1A6E61E24087E00E934D8 /* String+ToDouble.swift */ = {isa = PBXFileReference; fileEncoding = 4; lastKnownFileType = sourcecode.swift; path = "String+ToDouble.swift"; sourceTree = "<group>"; };
		E5C1A6E81E240A2900E934D8 /* MapKit.framework */ = {isa = PBXFileReference; lastKnownFileType = wrapper.framework; name = MapKit.framework; path = System/Library/Frameworks/MapKit.framework; sourceTree = SDKROOT; };
		E5C1A6EA1E240A8000E934D8 /* WorldMapViewController.swift */ = {isa = PBXFileReference; fileEncoding = 4; lastKnownFileType = sourcecode.swift; path = WorldMapViewController.swift; sourceTree = "<group>"; };
		E5C1A6EC1E240AD600E934D8 /* SettingsTableViewController.swift */ = {isa = PBXFileReference; fileEncoding = 4; lastKnownFileType = sourcecode.swift; path = SettingsTableViewController.swift; sourceTree = "<group>"; };
		E5C1A6F11E24127E00E934D8 /* DutyCyclingTests.swift */ = {isa = PBXFileReference; fileEncoding = 4; lastKnownFileType = sourcecode.swift; path = DutyCyclingTests.swift; sourceTree = "<group>"; };
		E5C3F23F1E265E3B005D5621 /* CoordinateCollectorService.swift */ = {isa = PBXFileReference; fileEncoding = 4; lastKnownFileType = sourcecode.swift; path = CoordinateCollectorService.swift; sourceTree = "<group>"; };
		E5C3F2401E265E3B005D5621 /* DatabaseManager.swift */ = {isa = PBXFileReference; fileEncoding = 4; lastKnownFileType = sourcecode.swift; path = DatabaseManager.swift; sourceTree = "<group>"; };
		E5C3F2411E265E3B005D5621 /* LifecycleController.swift */ = {isa = PBXFileReference; fileEncoding = 4; lastKnownFileType = sourcecode.swift; path = LifecycleController.swift; sourceTree = "<group>"; };
		E5C3F2451E265E50005D5621 /* DatabaseManagerTests.swift */ = {isa = PBXFileReference; fileEncoding = 4; lastKnownFileType = sourcecode.swift; path = DatabaseManagerTests.swift; sourceTree = "<group>"; };
		E5C3F2471E265FC8005D5621 /* RLMResults+ToArray.swift */ = {isa = PBXFileReference; fileEncoding = 4; lastKnownFileType = sourcecode.swift; path = "RLMResults+ToArray.swift"; sourceTree = "<group>"; };
		E5E1C7881E2A61B00096104B /* CountryListDelegate.swift */ = {isa = PBXFileReference; fileEncoding = 4; lastKnownFileType = sourcecode.swift; path = CountryListDelegate.swift; sourceTree = "<group>"; };
		E5E1C78A1E2A61FB0096104B /* CountriesTableViewController+CountryListDelegate.swift */ = {isa = PBXFileReference; fileEncoding = 4; lastKnownFileType = sourcecode.swift; path = "CountriesTableViewController+CountryListDelegate.swift"; sourceTree = "<group>"; };
		E5F4F2A81DF61DC200B23C83 /* Countries.json */ = {isa = PBXFileReference; fileEncoding = 4; lastKnownFileType = text.json; path = Countries.json; sourceTree = "<group>"; };
		E5F4F2AA1DF61E2D00B23C83 /* Country.swift */ = {isa = PBXFileReference; fileEncoding = 4; lastKnownFileType = sourcecode.swift; path = Country.swift; sourceTree = "<group>"; };
/* End PBXFileReference section */

/* Begin PBXFrameworksBuildPhase section */
		E51E62241DF61100004621B7 /* Frameworks */ = {
			isa = PBXFrameworksBuildPhase;
			buildActionMask = 2147483647;
			files = (
				E5C1A6E91E240A2900E934D8 /* MapKit.framework in Frameworks */,
				84BFEDEFB39542A5F57583D3 /* Pods_ScratchOffMap.framework in Frameworks */,
			);
			runOnlyForDeploymentPostprocessing = 0;
		};
		E51E62381DF61101004621B7 /* Frameworks */ = {
			isa = PBXFrameworksBuildPhase;
			buildActionMask = 2147483647;
			files = (
				BB4FB9021969592A190DB876 /* Pods_ScratchOffMapTests.framework in Frameworks */,
			);
			runOnlyForDeploymentPostprocessing = 0;
		};
		E51E62431DF61101004621B7 /* Frameworks */ = {
			isa = PBXFrameworksBuildPhase;
			buildActionMask = 2147483647;
			files = (
				D3F0F953B7862A5D8597F020 /* Pods_ScratchOffMapUITests.framework in Frameworks */,
			);
			runOnlyForDeploymentPostprocessing = 0;
		};
/* End PBXFrameworksBuildPhase section */

/* Begin PBXGroup section */
		22F2A62207A0FEA36F5A6BE6 /* Pods */ = {
			isa = PBXGroup;
			children = (
				51C7B7E55274487AC47D5259 /* Pods-ScratchOffMap.debug.xcconfig */,
				162CF9FBC8DE2BDA56F6C23E /* Pods-ScratchOffMap.release.xcconfig */,
				04DA3F0BB226CB5EC1D84CA2 /* Pods-ScratchOffMapTests.debug.xcconfig */,
				943F40682EF713C443CCF012 /* Pods-ScratchOffMapTests.release.xcconfig */,
				7E0F5606ABD622F75AB5DA3D /* Pods-ScratchOffMapUITests.debug.xcconfig */,
				E4211A5F87470FBD9533C6D9 /* Pods-ScratchOffMapUITests.release.xcconfig */,
			);
			name = Pods;
			sourceTree = "<group>";
		};
		93127C15DA795DC36A947431 /* Frameworks */ = {
			isa = PBXGroup;
			children = (
				E5C1A6E81E240A2900E934D8 /* MapKit.framework */,
				3E0B0D89E648C196E1B94E1D /* Pods_ScratchOffMap.framework */,
				9020693E979B9B6042728C4E /* Pods_ScratchOffMapTests.framework */,
				7AD7DA815561A5183BDD88FC /* Pods_ScratchOffMapUITests.framework */,
			);
			name = Frameworks;
			sourceTree = "<group>";
		};
		E51E621E1DF61100004621B7 = {
			isa = PBXGroup;
			children = (
				E51E62291DF61100004621B7 /* ScratchOffMap */,
				E51E623E1DF61101004621B7 /* ScratchOffMapTests */,
				E51E62491DF61101004621B7 /* ScratchOffMapUITests */,
				E51E62281DF61100004621B7 /* Products */,
				22F2A62207A0FEA36F5A6BE6 /* Pods */,
				93127C15DA795DC36A947431 /* Frameworks */,
			);
			sourceTree = "<group>";
		};
		E51E62281DF61100004621B7 /* Products */ = {
			isa = PBXGroup;
			children = (
				E51E62271DF61100004621B7 /* ScratchOffMap.app */,
				E51E623B1DF61101004621B7 /* ScratchOffMapTests.xctest */,
				E51E62461DF61101004621B7 /* ScratchOffMapUITests.xctest */,
			);
			name = Products;
			sourceTree = "<group>";
		};
		E51E62291DF61100004621B7 /* ScratchOffMap */ = {
			isa = PBXGroup;
			children = (
				E5E1C7871E2A618F0096104B /* Protocols */,
				E5F4F2A61DF61A2B00B23C83 /* Controllers */,
				E5C1A6E51E24087100E934D8 /* Extensions */,
				E5F4F2A41DF61A1B00B23C83 /* Models */,
				E5F4F2A51DF61A2600B23C83 /* Views */,
				E5F4F2A71DF61A7E00B23C83 /* Storyboards */,
				E51E62311DF61101004621B7 /* Assets.xcassets */,
				E51E62361DF61101004621B7 /* Info.plist */,
				E5B21C8C1E2A898000471DB4 /* ScratchOffMapNotifications.swift */,
			);
			path = ScratchOffMap;
			sourceTree = "<group>";
		};
		E51E623E1DF61101004621B7 /* ScratchOffMapTests */ = {
			isa = PBXGroup;
			children = (
				E5917E8A1E24BB78008CA8D4 /* Controllers */,
				E5917E8B1E24BB7C008CA8D4 /* Extensions */,
				E5917E8C1E24BB81008CA8D4 /* Models */,
				E51E62411DF61101004621B7 /* Info.plist */,
			);
			path = ScratchOffMapTests;
			sourceTree = "<group>";
		};
		E51E62491DF61101004621B7 /* ScratchOffMapUITests */ = {
			isa = PBXGroup;
			children = (
				E51E624A1DF61101004621B7 /* ScratchOffMapUITests.swift */,
				E51E624C1DF61101004621B7 /* Info.plist */,
			);
			path = ScratchOffMapUITests;
			sourceTree = "<group>";
		};
		E5917E8A1E24BB78008CA8D4 /* Controllers */ = {
			isa = PBXGroup;
			children = (
				E5C3F2451E265E50005D5621 /* DatabaseManagerTests.swift */,
				E5C1A6F11E24127E00E934D8 /* DutyCyclingTests.swift */,
				E5917E8F1E24BEFF008CA8D4 /* GeoCoderTests.swift */,
				E5B0DED61E26B5A40057F42D /* CoordinateCollectorServiceTests.swift */,
				E56EAAB91E28CF46005C3D10 /* TestCoordinates.swift */,
			);
			path = Controllers;
			sourceTree = "<group>";
		};
		E5917E8B1E24BB7C008CA8D4 /* Extensions */ = {
			isa = PBXGroup;
			children = (
				E556D0131DF761ED00575730 /* String+EmojiFlagTests.swift */,
				E5917E941E24D969008CA8D4 /* NSLocale+LocaleCodeForCountryTests.swift */,
			);
			path = Extensions;
			sourceTree = "<group>";
		};
		E5917E8C1E24BB81008CA8D4 /* Models */ = {
			isa = PBXGroup;
			children = (
				E5B0DED31E26B0660057F42D /* CoordinatesTests.swift */,
			);
			path = Models;
			sourceTree = "<group>";
		};
		E5C1A6E51E24087100E934D8 /* Extensions */ = {
			isa = PBXGroup;
			children = (
				E556D00F1DF75DAC00575730 /* String+EmojiFlag.swift */,
				E5C1A6E61E24087E00E934D8 /* String+ToDouble.swift */,
				E5917E921E24D942008CA8D4 /* NSLocale+LocaleCodeForCountry.swift */,
				E5C3F2471E265FC8005D5621 /* RLMResults+ToArray.swift */,
				E523D4131E29784400C42677 /* String+Image.swift */,
				E523D41A1E298CA600C42677 /* Array+Sample.swift */,
			);
			path = Extensions;
			sourceTree = "<group>";
		};
		E5E1C7871E2A618F0096104B /* Protocols */ = {
			isa = PBXGroup;
			children = (
				E5E1C7881E2A61B00096104B /* CountryListDelegate.swift */,
			);
			path = Protocols;
			sourceTree = "<group>";
		};
		E5F4F2A41DF61A1B00B23C83 /* Models */ = {
			isa = PBXGroup;
			children = (
				E5C1A6E31E24084300E934D8 /* Coordinates.swift */,
				E5F4F2A81DF61DC200B23C83 /* Countries.json */,
				E5F4F2AA1DF61E2D00B23C83 /* Country.swift */,
				E523D4161E297E1800C42677 /* Coordinates+MKAnnotation.swift */,
			);
			path = Models;
			sourceTree = "<group>";
		};
		E5F4F2A51DF61A2600B23C83 /* Views */ = {
			isa = PBXGroup;
			children = (
				E5C1A6EA1E240A8000E934D8 /* WorldMapViewController.swift */,
				E5C1A6EC1E240AD600E934D8 /* SettingsTableViewController.swift */,
				E506C3461E292FAB00CC4286 /* CountriesTableViewController.swift */,
				E5E1C78A1E2A61FB0096104B /* CountriesTableViewController+CountryListDelegate.swift */,
			);
			path = Views;
			sourceTree = "<group>";
		};
		E5F4F2A61DF61A2B00B23C83 /* Controllers */ = {
			isa = PBXGroup;
			children = (
				E51E622A1DF61101004621B7 /* AppDelegate.swift */,
				E5917E881E24BAFD008CA8D4 /* DutyCycling.swift */,
				E5917E8D1E24BEEF008CA8D4 /* GeoCoder.swift */,
				E5C3F23F1E265E3B005D5621 /* CoordinateCollectorService.swift */,
				E523D4181E297EEE00C42677 /* CoordinateCollectorService+CLLocationManagerDelegate.swift */,
				E5C3F2401E265E3B005D5621 /* DatabaseManager.swift */,
				E5C3F2411E265E3B005D5621 /* LifecycleController.swift */,
			);
			path = Controllers;
			sourceTree = "<group>";
		};
		E5F4F2A71DF61A7E00B23C83 /* Storyboards */ = {
			isa = PBXGroup;
			children = (
				E51E622E1DF61101004621B7 /* Main.storyboard */,
				E51E62331DF61101004621B7 /* LaunchScreen.storyboard */,
			);
			name = Storyboards;
			sourceTree = "<group>";
		};
/* End PBXGroup section */

/* Begin PBXNativeTarget section */
		E51E62261DF61100004621B7 /* ScratchOffMap */ = {
			isa = PBXNativeTarget;
			buildConfigurationList = E51E624F1DF61101004621B7 /* Build configuration list for PBXNativeTarget "ScratchOffMap" */;
			buildPhases = (
				4FA19460ECC0B0066DB0229E /* [CP] Check Pods Manifest.lock */,
				E51E62231DF61100004621B7 /* Sources */,
				E51E62241DF61100004621B7 /* Frameworks */,
				E51E62251DF61100004621B7 /* Resources */,
				5AF21F2ED62EB7A8813E1A15 /* [CP] Embed Pods Frameworks */,
				2F14F005D241BAD9A9E598B8 /* [CP] Copy Pods Resources */,
			);
			buildRules = (
			);
			dependencies = (
			);
			name = ScratchOffMap;
			productName = ScratchOffMap;
			productReference = E51E62271DF61100004621B7 /* ScratchOffMap.app */;
			productType = "com.apple.product-type.application";
		};
		E51E623A1DF61101004621B7 /* ScratchOffMapTests */ = {
			isa = PBXNativeTarget;
			buildConfigurationList = E51E62521DF61101004621B7 /* Build configuration list for PBXNativeTarget "ScratchOffMapTests" */;
			buildPhases = (
				063E9FA8C7BACBED8BA417FE /* [CP] Check Pods Manifest.lock */,
				E51E62371DF61101004621B7 /* Sources */,
				E51E62381DF61101004621B7 /* Frameworks */,
				E51E62391DF61101004621B7 /* Resources */,
				87BFF2BE720477B09ADD7017 /* [CP] Embed Pods Frameworks */,
				AFAB1AE234DA8EF366DF1C05 /* [CP] Copy Pods Resources */,
			);
			buildRules = (
			);
			dependencies = (
				E51E623D1DF61101004621B7 /* PBXTargetDependency */,
			);
			name = ScratchOffMapTests;
			productName = ScratchOffMapTests;
			productReference = E51E623B1DF61101004621B7 /* ScratchOffMapTests.xctest */;
			productType = "com.apple.product-type.bundle.unit-test";
		};
		E51E62451DF61101004621B7 /* ScratchOffMapUITests */ = {
			isa = PBXNativeTarget;
			buildConfigurationList = E51E62551DF61101004621B7 /* Build configuration list for PBXNativeTarget "ScratchOffMapUITests" */;
			buildPhases = (
				1D5E242E032D59AFDF5A4F14 /* [CP] Check Pods Manifest.lock */,
				E51E62421DF61101004621B7 /* Sources */,
				E51E62431DF61101004621B7 /* Frameworks */,
				E51E62441DF61101004621B7 /* Resources */,
				E7AB10D5353221169B7FE746 /* [CP] Embed Pods Frameworks */,
				34A83E9C58C8ECC2541E2C30 /* [CP] Copy Pods Resources */,
			);
			buildRules = (
			);
			dependencies = (
				E51E62481DF61101004621B7 /* PBXTargetDependency */,
			);
			name = ScratchOffMapUITests;
			productName = ScratchOffMapUITests;
			productReference = E51E62461DF61101004621B7 /* ScratchOffMapUITests.xctest */;
			productType = "com.apple.product-type.bundle.ui-testing";
		};
/* End PBXNativeTarget section */

/* Begin PBXProject section */
		E51E621F1DF61100004621B7 /* Project object */ = {
			isa = PBXProject;
			attributes = {
				LastSwiftUpdateCheck = 0810;
				LastUpgradeCheck = 0820;
				ORGANIZATIONNAME = "Peter Ivanics";
				TargetAttributes = {
					E51E62261DF61100004621B7 = {
						CreatedOnToolsVersion = 8.1;
						DevelopmentTeam = K54WTJYP39;
						ProvisioningStyle = Automatic;
						SystemCapabilities = {
							com.apple.BackgroundModes = {
								enabled = 0;
							};
						};
					};
					E51E623A1DF61101004621B7 = {
						CreatedOnToolsVersion = 8.1;
						DevelopmentTeam = K54WTJYP39;
						ProvisioningStyle = Automatic;
						TestTargetID = E51E62261DF61100004621B7;
					};
					E51E62451DF61101004621B7 = {
						CreatedOnToolsVersion = 8.1;
						DevelopmentTeam = K54WTJYP39;
						ProvisioningStyle = Automatic;
						TestTargetID = E51E62261DF61100004621B7;
					};
				};
			};
			buildConfigurationList = E51E62221DF61100004621B7 /* Build configuration list for PBXProject "ScratchOffMap" */;
			compatibilityVersion = "Xcode 3.2";
			developmentRegion = English;
			hasScannedForEncodings = 0;
			knownRegions = (
				en,
				Base,
			);
			mainGroup = E51E621E1DF61100004621B7;
			productRefGroup = E51E62281DF61100004621B7 /* Products */;
			projectDirPath = "";
			projectRoot = "";
			targets = (
				E51E62261DF61100004621B7 /* ScratchOffMap */,
				E51E623A1DF61101004621B7 /* ScratchOffMapTests */,
				E51E62451DF61101004621B7 /* ScratchOffMapUITests */,
			);
		};
/* End PBXProject section */

/* Begin PBXResourcesBuildPhase section */
		E51E62251DF61100004621B7 /* Resources */ = {
			isa = PBXResourcesBuildPhase;
			buildActionMask = 2147483647;
			files = (
				E51E62351DF61101004621B7 /* LaunchScreen.storyboard in Resources */,
				E51E62321DF61101004621B7 /* Assets.xcassets in Resources */,
				E5F4F2A91DF61DC200B23C83 /* Countries.json in Resources */,
				E51E62301DF61101004621B7 /* Main.storyboard in Resources */,
			);
			runOnlyForDeploymentPostprocessing = 0;
		};
		E51E62391DF61101004621B7 /* Resources */ = {
			isa = PBXResourcesBuildPhase;
			buildActionMask = 2147483647;
			files = (
			);
			runOnlyForDeploymentPostprocessing = 0;
		};
		E51E62441DF61101004621B7 /* Resources */ = {
			isa = PBXResourcesBuildPhase;
			buildActionMask = 2147483647;
			files = (
			);
			runOnlyForDeploymentPostprocessing = 0;
		};
/* End PBXResourcesBuildPhase section */

/* Begin PBXShellScriptBuildPhase section */
		063E9FA8C7BACBED8BA417FE /* [CP] Check Pods Manifest.lock */ = {
			isa = PBXShellScriptBuildPhase;
			buildActionMask = 2147483647;
			files = (
			);
			inputPaths = (
			);
			name = "[CP] Check Pods Manifest.lock";
			outputPaths = (
			);
			runOnlyForDeploymentPostprocessing = 0;
			shellPath = /bin/sh;
			shellScript = "diff \"${PODS_ROOT}/../Podfile.lock\" \"${PODS_ROOT}/Manifest.lock\" > /dev/null\nif [ $? != 0 ] ; then\n    # print error to STDERR\n    echo \"error: The sandbox is not in sync with the Podfile.lock. Run 'pod install' or update your CocoaPods installation.\" >&2\n    exit 1\nfi\n";
			showEnvVarsInLog = 0;
		};
		1D5E242E032D59AFDF5A4F14 /* [CP] Check Pods Manifest.lock */ = {
			isa = PBXShellScriptBuildPhase;
			buildActionMask = 2147483647;
			files = (
			);
			inputPaths = (
			);
			name = "[CP] Check Pods Manifest.lock";
			outputPaths = (
			);
			runOnlyForDeploymentPostprocessing = 0;
			shellPath = /bin/sh;
			shellScript = "diff \"${PODS_ROOT}/../Podfile.lock\" \"${PODS_ROOT}/Manifest.lock\" > /dev/null\nif [ $? != 0 ] ; then\n    # print error to STDERR\n    echo \"error: The sandbox is not in sync with the Podfile.lock. Run 'pod install' or update your CocoaPods installation.\" >&2\n    exit 1\nfi\n";
			showEnvVarsInLog = 0;
		};
		2F14F005D241BAD9A9E598B8 /* [CP] Copy Pods Resources */ = {
			isa = PBXShellScriptBuildPhase;
			buildActionMask = 2147483647;
			files = (
			);
			inputPaths = (
			);
			name = "[CP] Copy Pods Resources";
			outputPaths = (
			);
			runOnlyForDeploymentPostprocessing = 0;
			shellPath = /bin/sh;
			shellScript = "\"${SRCROOT}/Pods/Target Support Files/Pods-ScratchOffMap/Pods-ScratchOffMap-resources.sh\"\n";
			showEnvVarsInLog = 0;
		};
		34A83E9C58C8ECC2541E2C30 /* [CP] Copy Pods Resources */ = {
			isa = PBXShellScriptBuildPhase;
			buildActionMask = 2147483647;
			files = (
			);
			inputPaths = (
			);
			name = "[CP] Copy Pods Resources";
			outputPaths = (
			);
			runOnlyForDeploymentPostprocessing = 0;
			shellPath = /bin/sh;
			shellScript = "\"${SRCROOT}/Pods/Target Support Files/Pods-ScratchOffMapUITests/Pods-ScratchOffMapUITests-resources.sh\"\n";
			showEnvVarsInLog = 0;
		};
		4FA19460ECC0B0066DB0229E /* [CP] Check Pods Manifest.lock */ = {
			isa = PBXShellScriptBuildPhase;
			buildActionMask = 2147483647;
			files = (
			);
			inputPaths = (
			);
			name = "[CP] Check Pods Manifest.lock";
			outputPaths = (
			);
			runOnlyForDeploymentPostprocessing = 0;
			shellPath = /bin/sh;
			shellScript = "diff \"${PODS_ROOT}/../Podfile.lock\" \"${PODS_ROOT}/Manifest.lock\" > /dev/null\nif [ $? != 0 ] ; then\n    # print error to STDERR\n    echo \"error: The sandbox is not in sync with the Podfile.lock. Run 'pod install' or update your CocoaPods installation.\" >&2\n    exit 1\nfi\n";
			showEnvVarsInLog = 0;
		};
		5AF21F2ED62EB7A8813E1A15 /* [CP] Embed Pods Frameworks */ = {
			isa = PBXShellScriptBuildPhase;
			buildActionMask = 2147483647;
			files = (
			);
			inputPaths = (
			);
			name = "[CP] Embed Pods Frameworks";
			outputPaths = (
			);
			runOnlyForDeploymentPostprocessing = 0;
			shellPath = /bin/sh;
			shellScript = "\"${SRCROOT}/Pods/Target Support Files/Pods-ScratchOffMap/Pods-ScratchOffMap-frameworks.sh\"\n";
			showEnvVarsInLog = 0;
		};
		87BFF2BE720477B09ADD7017 /* [CP] Embed Pods Frameworks */ = {
			isa = PBXShellScriptBuildPhase;
			buildActionMask = 2147483647;
			files = (
			);
			inputPaths = (
			);
			name = "[CP] Embed Pods Frameworks";
			outputPaths = (
			);
			runOnlyForDeploymentPostprocessing = 0;
			shellPath = /bin/sh;
			shellScript = "\"${SRCROOT}/Pods/Target Support Files/Pods-ScratchOffMapTests/Pods-ScratchOffMapTests-frameworks.sh\"\n";
			showEnvVarsInLog = 0;
		};
		AFAB1AE234DA8EF366DF1C05 /* [CP] Copy Pods Resources */ = {
			isa = PBXShellScriptBuildPhase;
			buildActionMask = 2147483647;
			files = (
			);
			inputPaths = (
			);
			name = "[CP] Copy Pods Resources";
			outputPaths = (
			);
			runOnlyForDeploymentPostprocessing = 0;
			shellPath = /bin/sh;
			shellScript = "\"${SRCROOT}/Pods/Target Support Files/Pods-ScratchOffMapTests/Pods-ScratchOffMapTests-resources.sh\"\n";
			showEnvVarsInLog = 0;
		};
		E7AB10D5353221169B7FE746 /* [CP] Embed Pods Frameworks */ = {
			isa = PBXShellScriptBuildPhase;
			buildActionMask = 2147483647;
			files = (
			);
			inputPaths = (
			);
			name = "[CP] Embed Pods Frameworks";
			outputPaths = (
			);
			runOnlyForDeploymentPostprocessing = 0;
			shellPath = /bin/sh;
			shellScript = "\"${SRCROOT}/Pods/Target Support Files/Pods-ScratchOffMapUITests/Pods-ScratchOffMapUITests-frameworks.sh\"\n";
			showEnvVarsInLog = 0;
		};
/* End PBXShellScriptBuildPhase section */

/* Begin PBXSourcesBuildPhase section */
		E51E62231DF61100004621B7 /* Sources */ = {
			isa = PBXSourcesBuildPhase;
			buildActionMask = 2147483647;
			files = (
				E5C3F2421E265E3B005D5621 /* CoordinateCollectorService.swift in Sources */,
				E5C1A6E41E24084300E934D8 /* Coordinates.swift in Sources */,
				E523D4141E29784400C42677 /* String+Image.swift in Sources */,
				E5C1A6E71E24087F00E934D8 /* String+ToDouble.swift in Sources */,
				E5E1C7891E2A61B00096104B /* CountryListDelegate.swift in Sources */,
				E5F4F2AB1DF61E2D00B23C83 /* Country.swift in Sources */,
				E5E1C78B1E2A61FB0096104B /* CountriesTableViewController+CountryListDelegate.swift in Sources */,
				E5917E891E24BAFD008CA8D4 /* DutyCycling.swift in Sources */,
				E5C3F2441E265E3B005D5621 /* LifecycleController.swift in Sources */,
				E523D4191E297EEE00C42677 /* CoordinateCollectorService+CLLocationManagerDelegate.swift in Sources */,
				E5917E8E1E24BEEF008CA8D4 /* GeoCoder.swift in Sources */,
				E51E622B1DF61101004621B7 /* AppDelegate.swift in Sources */,
				E5C1A6EB1E240A8000E934D8 /* WorldMapViewController.swift in Sources */,
				E5C3F2431E265E3B005D5621 /* DatabaseManager.swift in Sources */,
				E556D0101DF75DAC00575730 /* String+EmojiFlag.swift in Sources */,
				E5C3F2481E265FC8005D5621 /* RLMResults+ToArray.swift in Sources */,
				E5917E931E24D942008CA8D4 /* NSLocale+LocaleCodeForCountry.swift in Sources */,
				E5B21C8D1E2A898000471DB4 /* ScratchOffMapNotifications.swift in Sources */,
				E523D4171E297E1800C42677 /* Coordinates+MKAnnotation.swift in Sources */,
				E506C3471E292FAB00CC4286 /* CountriesTableViewController.swift in Sources */,
				E523D41B1E298CA600C42677 /* Array+Sample.swift in Sources */,
				E5C1A6ED1E240AD600E934D8 /* SettingsTableViewController.swift in Sources */,
				E523D4151E297D2300C42677 /* TestCoordinates.swift in Sources */,
			);
			runOnlyForDeploymentPostprocessing = 0;
		};
		E51E62371DF61101004621B7 /* Sources */ = {
			isa = PBXSourcesBuildPhase;
			buildActionMask = 2147483647;
			files = (
				E5917E901E24BEFF008CA8D4 /* GeoCoderTests.swift in Sources */,
				E5B0DED41E26B0660057F42D /* CoordinatesTests.swift in Sources */,
				E556D0141DF761ED00575730 /* String+EmojiFlagTests.swift in Sources */,
				E56EAABA1E28CF46005C3D10 /* TestCoordinates.swift in Sources */,
				E5917E951E24D969008CA8D4 /* NSLocale+LocaleCodeForCountryTests.swift in Sources */,
				E5C1A6F21E24127E00E934D8 /* DutyCyclingTests.swift in Sources */,
				E5B0DED71E26B5A40057F42D /* CoordinateCollectorServiceTests.swift in Sources */,
				E5C3F2461E265E50005D5621 /* DatabaseManagerTests.swift in Sources */,
			);
			runOnlyForDeploymentPostprocessing = 0;
		};
		E51E62421DF61101004621B7 /* Sources */ = {
			isa = PBXSourcesBuildPhase;
			buildActionMask = 2147483647;
			files = (
				E51E624B1DF61101004621B7 /* ScratchOffMapUITests.swift in Sources */,
			);
			runOnlyForDeploymentPostprocessing = 0;
		};
/* End PBXSourcesBuildPhase section */

/* Begin PBXTargetDependency section */
		E51E623D1DF61101004621B7 /* PBXTargetDependency */ = {
			isa = PBXTargetDependency;
			target = E51E62261DF61100004621B7 /* ScratchOffMap */;
			targetProxy = E51E623C1DF61101004621B7 /* PBXContainerItemProxy */;
		};
		E51E62481DF61101004621B7 /* PBXTargetDependency */ = {
			isa = PBXTargetDependency;
			target = E51E62261DF61100004621B7 /* ScratchOffMap */;
			targetProxy = E51E62471DF61101004621B7 /* PBXContainerItemProxy */;
		};
/* End PBXTargetDependency section */

/* Begin PBXVariantGroup section */
		E51E622E1DF61101004621B7 /* Main.storyboard */ = {
			isa = PBXVariantGroup;
			children = (
				E51E622F1DF61101004621B7 /* Base */,
			);
			name = Main.storyboard;
			sourceTree = "<group>";
		};
		E51E62331DF61101004621B7 /* LaunchScreen.storyboard */ = {
			isa = PBXVariantGroup;
			children = (
				E51E62341DF61101004621B7 /* Base */,
			);
			name = LaunchScreen.storyboard;
			sourceTree = "<group>";
		};
/* End PBXVariantGroup section */

/* Begin XCBuildConfiguration section */
		E51E624D1DF61101004621B7 /* Debug */ = {
			isa = XCBuildConfiguration;
			buildSettings = {
				ALWAYS_SEARCH_USER_PATHS = NO;
				CLANG_ANALYZER_NONNULL = YES;
				CLANG_CXX_LANGUAGE_STANDARD = "gnu++0x";
				CLANG_CXX_LIBRARY = "libc++";
				CLANG_ENABLE_MODULES = YES;
				CLANG_ENABLE_OBJC_ARC = YES;
				CLANG_WARN_BOOL_CONVERSION = YES;
				CLANG_WARN_CONSTANT_CONVERSION = YES;
				CLANG_WARN_DIRECT_OBJC_ISA_USAGE = YES_ERROR;
				CLANG_WARN_DOCUMENTATION_COMMENTS = YES;
				CLANG_WARN_EMPTY_BODY = YES;
				CLANG_WARN_ENUM_CONVERSION = YES;
				CLANG_WARN_INFINITE_RECURSION = YES;
				CLANG_WARN_INT_CONVERSION = YES;
				CLANG_WARN_OBJC_ROOT_CLASS = YES_ERROR;
				CLANG_WARN_SUSPICIOUS_MOVE = YES;
				CLANG_WARN_SUSPICIOUS_MOVES = YES;
				CLANG_WARN_UNREACHABLE_CODE = YES;
				CLANG_WARN__DUPLICATE_METHOD_MATCH = YES;
				"CODE_SIGN_IDENTITY[sdk=iphoneos*]" = "iPhone Developer";
				COPY_PHASE_STRIP = NO;
				DEBUG_INFORMATION_FORMAT = dwarf;
				ENABLE_STRICT_OBJC_MSGSEND = YES;
				ENABLE_TESTABILITY = YES;
				GCC_C_LANGUAGE_STANDARD = gnu99;
				GCC_DYNAMIC_NO_PIC = NO;
				GCC_NO_COMMON_BLOCKS = YES;
				GCC_OPTIMIZATION_LEVEL = 0;
				GCC_PREPROCESSOR_DEFINITIONS = (
					"DEBUG=1",
					"$(inherited)",
				);
				GCC_WARN_64_TO_32_BIT_CONVERSION = YES;
				GCC_WARN_ABOUT_RETURN_TYPE = YES_ERROR;
				GCC_WARN_UNDECLARED_SELECTOR = YES;
				GCC_WARN_UNINITIALIZED_AUTOS = YES_AGGRESSIVE;
				GCC_WARN_UNUSED_FUNCTION = YES;
				GCC_WARN_UNUSED_VARIABLE = YES;
				IPHONEOS_DEPLOYMENT_TARGET = 10.1;
				MTL_ENABLE_DEBUG_INFO = YES;
				ONLY_ACTIVE_ARCH = YES;
				SDKROOT = iphoneos;
				SWIFT_ACTIVE_COMPILATION_CONDITIONS = DEBUG;
				SWIFT_OPTIMIZATION_LEVEL = "-Onone";
				TARGETED_DEVICE_FAMILY = "1,2";
			};
			name = Debug;
		};
		E51E624E1DF61101004621B7 /* Release */ = {
			isa = XCBuildConfiguration;
			buildSettings = {
				ALWAYS_SEARCH_USER_PATHS = NO;
				CLANG_ANALYZER_NONNULL = YES;
				CLANG_CXX_LANGUAGE_STANDARD = "gnu++0x";
				CLANG_CXX_LIBRARY = "libc++";
				CLANG_ENABLE_MODULES = YES;
				CLANG_ENABLE_OBJC_ARC = YES;
				CLANG_WARN_BOOL_CONVERSION = YES;
				CLANG_WARN_CONSTANT_CONVERSION = YES;
				CLANG_WARN_DIRECT_OBJC_ISA_USAGE = YES_ERROR;
				CLANG_WARN_DOCUMENTATION_COMMENTS = YES;
				CLANG_WARN_EMPTY_BODY = YES;
				CLANG_WARN_ENUM_CONVERSION = YES;
				CLANG_WARN_INFINITE_RECURSION = YES;
				CLANG_WARN_INT_CONVERSION = YES;
				CLANG_WARN_OBJC_ROOT_CLASS = YES_ERROR;
				CLANG_WARN_SUSPICIOUS_MOVE = YES;
				CLANG_WARN_SUSPICIOUS_MOVES = YES;
				CLANG_WARN_UNREACHABLE_CODE = YES;
				CLANG_WARN__DUPLICATE_METHOD_MATCH = YES;
				"CODE_SIGN_IDENTITY[sdk=iphoneos*]" = "iPhone Developer";
				COPY_PHASE_STRIP = NO;
				DEBUG_INFORMATION_FORMAT = "dwarf-with-dsym";
				ENABLE_NS_ASSERTIONS = NO;
				ENABLE_STRICT_OBJC_MSGSEND = YES;
				GCC_C_LANGUAGE_STANDARD = gnu99;
				GCC_NO_COMMON_BLOCKS = YES;
				GCC_WARN_64_TO_32_BIT_CONVERSION = YES;
				GCC_WARN_ABOUT_RETURN_TYPE = YES_ERROR;
				GCC_WARN_UNDECLARED_SELECTOR = YES;
				GCC_WARN_UNINITIALIZED_AUTOS = YES_AGGRESSIVE;
				GCC_WARN_UNUSED_FUNCTION = YES;
				GCC_WARN_UNUSED_VARIABLE = YES;
				IPHONEOS_DEPLOYMENT_TARGET = 10.1;
				MTL_ENABLE_DEBUG_INFO = NO;
				SDKROOT = iphoneos;
				SWIFT_OPTIMIZATION_LEVEL = "-Owholemodule";
				TARGETED_DEVICE_FAMILY = "1,2";
				VALIDATE_PRODUCT = YES;
			};
			name = Release;
		};
		E51E62501DF61101004621B7 /* Debug */ = {
			isa = XCBuildConfiguration;
			baseConfigurationReference = 51C7B7E55274487AC47D5259 /* Pods-ScratchOffMap.debug.xcconfig */;
			buildSettings = {
				ALWAYS_EMBED_SWIFT_STANDARD_LIBRARIES = YES;
				ASSETCATALOG_COMPILER_APPICON_NAME = AppIcon;
				DEVELOPMENT_TEAM = K54WTJYP39;
				INFOPLIST_FILE = ScratchOffMap/Info.plist;
				LD_RUNPATH_SEARCH_PATHS = "$(inherited) @executable_path/Frameworks";
				PRODUCT_BUNDLE_IDENTIFIER = ivanicspeter.ScratchOffMap;
				PRODUCT_NAME = "$(TARGET_NAME)";
				SWIFT_VERSION = 3.0;
			};
			name = Debug;
		};
		E51E62511DF61101004621B7 /* Release */ = {
			isa = XCBuildConfiguration;
			baseConfigurationReference = 162CF9FBC8DE2BDA56F6C23E /* Pods-ScratchOffMap.release.xcconfig */;
			buildSettings = {
				ALWAYS_EMBED_SWIFT_STANDARD_LIBRARIES = YES;
				ASSETCATALOG_COMPILER_APPICON_NAME = AppIcon;
				DEVELOPMENT_TEAM = K54WTJYP39;
				INFOPLIST_FILE = ScratchOffMap/Info.plist;
				LD_RUNPATH_SEARCH_PATHS = "$(inherited) @executable_path/Frameworks";
				PRODUCT_BUNDLE_IDENTIFIER = ivanicspeter.ScratchOffMap;
				PRODUCT_NAME = "$(TARGET_NAME)";
				SWIFT_VERSION = 3.0;
			};
			name = Release;
		};
		E51E62531DF61101004621B7 /* Debug */ = {
			isa = XCBuildConfiguration;
			baseConfigurationReference = 04DA3F0BB226CB5EC1D84CA2 /* Pods-ScratchOffMapTests.debug.xcconfig */;
			buildSettings = {
				ALWAYS_EMBED_SWIFT_STANDARD_LIBRARIES = YES;
				BUNDLE_LOADER = "$(TEST_HOST)";
				DEVELOPMENT_TEAM = K54WTJYP39;
				INFOPLIST_FILE = ScratchOffMapTests/Info.plist;
				LD_RUNPATH_SEARCH_PATHS = "$(inherited) @executable_path/Frameworks @loader_path/Frameworks";
				PRODUCT_BUNDLE_IDENTIFIER = ivanicspeter.ScratchOffMapTests;
				PRODUCT_NAME = "$(TARGET_NAME)";
				SWIFT_VERSION = 3.0;
				TEST_HOST = "$(BUILT_PRODUCTS_DIR)/ScratchOffMap.app/ScratchOffMap";
			};
			name = Debug;
		};
		E51E62541DF61101004621B7 /* Release */ = {
			isa = XCBuildConfiguration;
			baseConfigurationReference = 943F40682EF713C443CCF012 /* Pods-ScratchOffMapTests.release.xcconfig */;
			buildSettings = {
				ALWAYS_EMBED_SWIFT_STANDARD_LIBRARIES = YES;
				BUNDLE_LOADER = "$(TEST_HOST)";
				DEVELOPMENT_TEAM = K54WTJYP39;
				INFOPLIST_FILE = ScratchOffMapTests/Info.plist;
				LD_RUNPATH_SEARCH_PATHS = "$(inherited) @executable_path/Frameworks @loader_path/Frameworks";
				PRODUCT_BUNDLE_IDENTIFIER = ivanicspeter.ScratchOffMapTests;
				PRODUCT_NAME = "$(TARGET_NAME)";
				SWIFT_VERSION = 3.0;
				TEST_HOST = "$(BUILT_PRODUCTS_DIR)/ScratchOffMap.app/ScratchOffMap";
			};
			name = Release;
		};
		E51E62561DF61101004621B7 /* Debug */ = {
			isa = XCBuildConfiguration;
			baseConfigurationReference = 7E0F5606ABD622F75AB5DA3D /* Pods-ScratchOffMapUITests.debug.xcconfig */;
			buildSettings = {
				ALWAYS_EMBED_SWIFT_STANDARD_LIBRARIES = YES;
				DEVELOPMENT_TEAM = K54WTJYP39;
				INFOPLIST_FILE = ScratchOffMapUITests/Info.plist;
				LD_RUNPATH_SEARCH_PATHS = "$(inherited) @executable_path/Frameworks @loader_path/Frameworks";
				PRODUCT_BUNDLE_IDENTIFIER = ivanicspeter.ScratchOffMapUITests;
				PRODUCT_NAME = "$(TARGET_NAME)";
				SWIFT_VERSION = 3.0;
				TEST_TARGET_NAME = ScratchOffMap;
			};
			name = Debug;
		};
		E51E62571DF61101004621B7 /* Release */ = {
			isa = XCBuildConfiguration;
			baseConfigurationReference = E4211A5F87470FBD9533C6D9 /* Pods-ScratchOffMapUITests.release.xcconfig */;
			buildSettings = {
				ALWAYS_EMBED_SWIFT_STANDARD_LIBRARIES = YES;
				DEVELOPMENT_TEAM = K54WTJYP39;
				INFOPLIST_FILE = ScratchOffMapUITests/Info.plist;
				LD_RUNPATH_SEARCH_PATHS = "$(inherited) @executable_path/Frameworks @loader_path/Frameworks";
				PRODUCT_BUNDLE_IDENTIFIER = ivanicspeter.ScratchOffMapUITests;
				PRODUCT_NAME = "$(TARGET_NAME)";
				SWIFT_VERSION = 3.0;
				TEST_TARGET_NAME = ScratchOffMap;
			};
			name = Release;
		};
/* End XCBuildConfiguration section */

/* Begin XCConfigurationList section */
		E51E62221DF61100004621B7 /* Build configuration list for PBXProject "ScratchOffMap" */ = {
			isa = XCConfigurationList;
			buildConfigurations = (
				E51E624D1DF61101004621B7 /* Debug */,
				E51E624E1DF61101004621B7 /* Release */,
			);
			defaultConfigurationIsVisible = 0;
			defaultConfigurationName = Release;
		};
		E51E624F1DF61101004621B7 /* Build configuration list for PBXNativeTarget "ScratchOffMap" */ = {
			isa = XCConfigurationList;
			buildConfigurations = (
				E51E62501DF61101004621B7 /* Debug */,
				E51E62511DF61101004621B7 /* Release */,
			);
			defaultConfigurationIsVisible = 0;
			defaultConfigurationName = Release;
		};
		E51E62521DF61101004621B7 /* Build configuration list for PBXNativeTarget "ScratchOffMapTests" */ = {
			isa = XCConfigurationList;
			buildConfigurations = (
				E51E62531DF61101004621B7 /* Debug */,
				E51E62541DF61101004621B7 /* Release */,
			);
			defaultConfigurationIsVisible = 0;
			defaultConfigurationName = Release;
		};
		E51E62551DF61101004621B7 /* Build configuration list for PBXNativeTarget "ScratchOffMapUITests" */ = {
			isa = XCConfigurationList;
			buildConfigurations = (
				E51E62561DF61101004621B7 /* Debug */,
				E51E62571DF61101004621B7 /* Release */,
			);
			defaultConfigurationIsVisible = 0;
			defaultConfigurationName = Release;
		};
/* End XCConfigurationList section */
	};
	rootObject = E51E621F1DF61100004621B7 /* Project object */;
}
